
Microsoft Visual Studio Solution File, Format Version 12.00
# Visual Studio Version 16
VisualStudioVersion = 16.0.31402.337
MinimumVisualStudioVersion = 10.0.40219.1
Project("{FAE04EC0-301F-11D3-BF4B-00C04F79EFBC}") = "test1_1", "test1_1\test1_1.csproj", "{4A77FF26-810D-4B1B-81F4-91F7645385C2}"
EndProject
Global
	GlobalSection(SolutionConfigurationPlatforms) = preSolution
		Debug|Any CPU = Debug|Any CPU
		Release|Any CPU = Release|Any CPU
	EndGlobalSection
	GlobalSection(ProjectConfigurationPlatforms) = postSolution
		{4A77FF26-810D-4B1B-81F4-91F7645385C2}.Debug|Any CPU.ActiveCfg = Debug|Any CPU
		{4A77FF26-810D-4B1B-81F4-91F7645385C2}.Debug|Any CPU.Build.0 = Debug|Any CPU
		{4A77FF26-810D-4B1B-81F4-91F7645385C2}.Release|Any CPU.ActiveCfg = Release|Any CPU
		{4A77FF26-810D-4B1B-81F4-91F7645385C2}.Release|Any CPU.Build.0 = Release|Any CPU
	EndGlobalSection
	GlobalSection(SolutionProperties) = preSolution
		HideSolutionNode = FALSE
	EndGlobalSection
	GlobalSection(ExtensibilityGlobals) = postSolution
		SolutionGuid = {54D49758-8355-424A-A35C-EB498D4324B3}
	EndGlobalSection
EndGlobal
