
Microsoft Visual Studio Solution File, Format Version 12.00
# Visual Studio Version 16
VisualStudioVersion = 16.0.31402.337
MinimumVisualStudioVersion = 10.0.40219.1
Project("{FAE04EC0-301F-11D3-BF4B-00C04F79EFBC}") = "serial몬_UI", "serial몬_UI\serial몬_UI.csproj", "{C069AA3D-7DC0-4BBB-A63A-447747C70CA3}"
EndProject
Global
	GlobalSection(SolutionConfigurationPlatforms) = preSolution
		Debug|Any CPU = Debug|Any CPU
		Release|Any CPU = Release|Any CPU
	EndGlobalSection
	GlobalSection(ProjectConfigurationPlatforms) = postSolution
		{C069AA3D-7DC0-4BBB-A63A-447747C70CA3}.Debug|Any CPU.ActiveCfg = Debug|Any CPU
		{C069AA3D-7DC0-4BBB-A63A-447747C70CA3}.Debug|Any CPU.Build.0 = Debug|Any CPU
		{C069AA3D-7DC0-4BBB-A63A-447747C70CA3}.Release|Any CPU.ActiveCfg = Release|Any CPU
		{C069AA3D-7DC0-4BBB-A63A-447747C70CA3}.Release|Any CPU.Build.0 = Release|Any CPU
	EndGlobalSection
	GlobalSection(SolutionProperties) = preSolution
		HideSolutionNode = FALSE
	EndGlobalSection
	GlobalSection(ExtensibilityGlobals) = postSolution
		SolutionGuid = {F4F2FF52-137D-499C-9DEF-64C9B4DA59EE}
	EndGlobalSection
EndGlobal
